
Microsoft Visual Studio Solution File, Format Version 12.00
# Visual Studio Version 17
VisualStudioVersion = 17.0.31903.59
MinimumVisualStudioVersion = 10.0.40219.1
Project("{9A19103F-16F7-4668-BE54-9A1E7A4F7556}") = "RYB.api", "RYB.api\RYB.api.csproj", "{DEC91C33-9583-43D3-994A-13A20727A831}"
EndProject
Project("{2150E333-8FDC-42A3-9474-1A3956D46DE8}") = "Business", "Business", "{8DF1699E-FA2E-4E3F-9095-1E23B5B08B9C}"
EndProject
Project("{2150E333-8FDC-42A3-9474-1A3956D46DE8}") = "Data", "Data", "{6F68E698-FB4B-49E4-8C8C-DEF834541B56}"
EndProject
Project("{2150E333-8FDC-42A3-9474-1A3956D46DE8}") = "Tests", "Tests", "{F9D0AA8F-D3E7-40F9-8704-50971F91853D}"
EndProject
Project("{2150E333-8FDC-42A3-9474-1A3956D46DE8}") = "Model", "Model", "{0282882E-A5F8-4470-A4AE-EEC8B582C80F}"
EndProject
Project("{9A19103F-16F7-4668-BE54-9A1E7A4F7556}") = "RYB.Business", "RYB.Business\RYB.Business.csproj", "{FB95C09B-68DF-4591-A42F-040F2268D356}"
EndProject
Project("{9A19103F-16F7-4668-BE54-9A1E7A4F7556}") = "RYB.MediatR", "RYB.MediatR\RYB.MediatR.csproj", "{C2C1499B-4DAD-4B46-B371-19121E549E92}"
EndProject
Project("{9A19103F-16F7-4668-BE54-9A1E7A4F7556}") = "RYB.DataAccess", "RYB.DataAccess\RYB.DataAccess.csproj", "{63B354B2-E593-4D84-9C8E-117186162170}"
EndProject
Project("{9A19103F-16F7-4668-BE54-9A1E7A4F7556}") = "RYB.Business.Tests", "RYB.Business.Tests\RYB.Business.Tests.csproj", "{D588A62B-E15A-4705-8DFD-AEFA7BEC8A45}"
EndProject
Project("{9A19103F-16F7-4668-BE54-9A1E7A4F7556}") = "RYB.MediatR.Tests", "RYB.MediatR.Tests\RYB.MediatR.Tests.csproj", "{0DD6CC66-F4EB-48A4-99D9-7A1B2A949844}"
EndProject
Project("{9A19103F-16F7-4668-BE54-9A1E7A4F7556}") = "RYB.api.Tests", "RYB.api.Tests\RYB.api.Tests.csproj", "{309D8FE2-1F50-412F-9429-9A2D615770CB}"
EndProject
Project("{9A19103F-16F7-4668-BE54-9A1E7A4F7556}") = "RYB.Model", "RYB.Model\RYB.Model.csproj", "{1745846F-3B2F-4614-9F9F-90C716C547BB}"
EndProject
Project("{FAE04EC0-301F-11D3-BF4B-00C04F79EFBC}") = "RYB.Cryptography", "RYB.Cryptography\RYB.Cryptography.csproj", "{13550079-5979-4F70-BF71-47DC7560F62B}"
EndProject
Global
	GlobalSection(SolutionConfigurationPlatforms) = preSolution
		Debug|Any CPU = Debug|Any CPU
		Release|Any CPU = Release|Any CPU
	EndGlobalSection
	GlobalSection(ProjectConfigurationPlatforms) = postSolution
		{DEC91C33-9583-43D3-994A-13A20727A831}.Debug|Any CPU.ActiveCfg = Debug|Any CPU
		{DEC91C33-9583-43D3-994A-13A20727A831}.Debug|Any CPU.Build.0 = Debug|Any CPU
		{DEC91C33-9583-43D3-994A-13A20727A831}.Release|Any CPU.ActiveCfg = Release|Any CPU
		{DEC91C33-9583-43D3-994A-13A20727A831}.Release|Any CPU.Build.0 = Release|Any CPU
		{FB95C09B-68DF-4591-A42F-040F2268D356}.Debug|Any CPU.ActiveCfg = Debug|Any CPU
		{FB95C09B-68DF-4591-A42F-040F2268D356}.Debug|Any CPU.Build.0 = Debug|Any CPU
		{FB95C09B-68DF-4591-A42F-040F2268D356}.Release|Any CPU.ActiveCfg = Release|Any CPU
		{FB95C09B-68DF-4591-A42F-040F2268D356}.Release|Any CPU.Build.0 = Release|Any CPU
		{C2C1499B-4DAD-4B46-B371-19121E549E92}.Debug|Any CPU.ActiveCfg = Debug|Any CPU
		{C2C1499B-4DAD-4B46-B371-19121E549E92}.Debug|Any CPU.Build.0 = Debug|Any CPU
		{C2C1499B-4DAD-4B46-B371-19121E549E92}.Release|Any CPU.ActiveCfg = Release|Any CPU
		{C2C1499B-4DAD-4B46-B371-19121E549E92}.Release|Any CPU.Build.0 = Release|Any CPU
		{63B354B2-E593-4D84-9C8E-117186162170}.Debug|Any CPU.ActiveCfg = Debug|Any CPU
		{63B354B2-E593-4D84-9C8E-117186162170}.Debug|Any CPU.Build.0 = Debug|Any CPU
		{63B354B2-E593-4D84-9C8E-117186162170}.Release|Any CPU.ActiveCfg = Release|Any CPU
		{63B354B2-E593-4D84-9C8E-117186162170}.Release|Any CPU.Build.0 = Release|Any CPU
		{D588A62B-E15A-4705-8DFD-AEFA7BEC8A45}.Debug|Any CPU.ActiveCfg = Debug|Any CPU
		{D588A62B-E15A-4705-8DFD-AEFA7BEC8A45}.Debug|Any CPU.Build.0 = Debug|Any CPU
		{D588A62B-E15A-4705-8DFD-AEFA7BEC8A45}.Release|Any CPU.ActiveCfg = Release|Any CPU
		{D588A62B-E15A-4705-8DFD-AEFA7BEC8A45}.Release|Any CPU.Build.0 = Release|Any CPU
		{0DD6CC66-F4EB-48A4-99D9-7A1B2A949844}.Debug|Any CPU.ActiveCfg = Debug|Any CPU
		{0DD6CC66-F4EB-48A4-99D9-7A1B2A949844}.Debug|Any CPU.Build.0 = Debug|Any CPU
		{0DD6CC66-F4EB-48A4-99D9-7A1B2A949844}.Release|Any CPU.ActiveCfg = Release|Any CPU
		{0DD6CC66-F4EB-48A4-99D9-7A1B2A949844}.Release|Any CPU.Build.0 = Release|Any CPU
		{309D8FE2-1F50-412F-9429-9A2D615770CB}.Debug|Any CPU.ActiveCfg = Debug|Any CPU
		{309D8FE2-1F50-412F-9429-9A2D615770CB}.Debug|Any CPU.Build.0 = Debug|Any CPU
		{309D8FE2-1F50-412F-9429-9A2D615770CB}.Release|Any CPU.ActiveCfg = Release|Any CPU
		{309D8FE2-1F50-412F-9429-9A2D615770CB}.Release|Any CPU.Build.0 = Release|Any CPU
		{1745846F-3B2F-4614-9F9F-90C716C547BB}.Debug|Any CPU.ActiveCfg = Debug|Any CPU
		{1745846F-3B2F-4614-9F9F-90C716C547BB}.Debug|Any CPU.Build.0 = Debug|Any CPU
		{1745846F-3B2F-4614-9F9F-90C716C547BB}.Release|Any CPU.ActiveCfg = Release|Any CPU
		{1745846F-3B2F-4614-9F9F-90C716C547BB}.Release|Any CPU.Build.0 = Release|Any CPU
		{13550079-5979-4F70-BF71-47DC7560F62B}.Debug|Any CPU.ActiveCfg = Debug|Any CPU
		{13550079-5979-4F70-BF71-47DC7560F62B}.Debug|Any CPU.Build.0 = Debug|Any CPU
		{13550079-5979-4F70-BF71-47DC7560F62B}.Release|Any CPU.ActiveCfg = Release|Any CPU
		{13550079-5979-4F70-BF71-47DC7560F62B}.Release|Any CPU.Build.0 = Release|Any CPU
	EndGlobalSection
	GlobalSection(SolutionProperties) = preSolution
		HideSolutionNode = FALSE
	EndGlobalSection
	GlobalSection(NestedProjects) = preSolution
		{FB95C09B-68DF-4591-A42F-040F2268D356} = {8DF1699E-FA2E-4E3F-9095-1E23B5B08B9C}
		{C2C1499B-4DAD-4B46-B371-19121E549E92} = {8DF1699E-FA2E-4E3F-9095-1E23B5B08B9C}
		{63B354B2-E593-4D84-9C8E-117186162170} = {6F68E698-FB4B-49E4-8C8C-DEF834541B56}
		{D588A62B-E15A-4705-8DFD-AEFA7BEC8A45} = {F9D0AA8F-D3E7-40F9-8704-50971F91853D}
		{0DD6CC66-F4EB-48A4-99D9-7A1B2A949844} = {F9D0AA8F-D3E7-40F9-8704-50971F91853D}
		{309D8FE2-1F50-412F-9429-9A2D615770CB} = {F9D0AA8F-D3E7-40F9-8704-50971F91853D}
		{1745846F-3B2F-4614-9F9F-90C716C547BB} = {0282882E-A5F8-4470-A4AE-EEC8B582C80F}
		{13550079-5979-4F70-BF71-47DC7560F62B} = {8DF1699E-FA2E-4E3F-9095-1E23B5B08B9C}
	EndGlobalSection
	GlobalSection(ExtensibilityGlobals) = postSolution
		SolutionGuid = {7D27B7D1-FFC2-453A-BE6C-AD218FEDB1D6}
	EndGlobalSection
EndGlobal
